
Microsoft Visual Studio Solution File, Format Version 12.00
# Visual Studio Version 16
VisualStudioVersion = 16.0.29306.81
MinimumVisualStudioVersion = 10.0.40219.1
Project("{888888A0-9F3D-457C-B088-3A5042F75D52}") = "FlaskWebProject4", "FlaskWebProject4\FlaskWebProject4.pyproj", "{464FEC4F-4E0E-41A1-8071-97284FED5E4B}"
EndProject
Global
	GlobalSection(SolutionConfigurationPlatforms) = preSolution
		Debug|Any CPU = Debug|Any CPU
		Release|Any CPU = Release|Any CPU
	EndGlobalSection
	GlobalSection(ProjectConfigurationPlatforms) = postSolution
		{464FEC4F-4E0E-41A1-8071-97284FED5E4B}.Debug|Any CPU.ActiveCfg = Debug|Any CPU
		{464FEC4F-4E0E-41A1-8071-97284FED5E4B}.Debug|Any CPU.Build.0 = Debug|Any CPU
		{464FEC4F-4E0E-41A1-8071-97284FED5E4B}.Release|Any CPU.ActiveCfg = Release|Any CPU
		{464FEC4F-4E0E-41A1-8071-97284FED5E4B}.Release|Any CPU.Build.0 = Release|Any CPU
	EndGlobalSection
	GlobalSection(SolutionProperties) = preSolution
		HideSolutionNode = FALSE
	EndGlobalSection
	GlobalSection(ExtensibilityGlobals) = postSolution
		SolutionGuid = {554B0B22-CC1B-4176-B805-CC56BE90DF49}
	EndGlobalSection
EndGlobal
